
Microsoft Visual Studio Solution File, Format Version 12.00
# Visual Studio 15
VisualStudioVersion = 15.0.26124.0
MinimumVisualStudioVersion = 15.0.26124.0
Project("{FAE04EC0-301F-11D3-BF4B-00C04F79EFBC}") = "Domain", "Domain\Domain.csproj", "{D86D568E-5158-48E1-9772-EDD61F195E31}"
EndProject
Project("{FAE04EC0-301F-11D3-BF4B-00C04F79EFBC}") = "Application", "Application\Application.csproj", "{C1B4B999-CDCD-499C-BFBC-82792380C7A8}"
EndProject
Project("{FAE04EC0-301F-11D3-BF4B-00C04F79EFBC}") = "Persistence", "Persistence\Persistence.csproj", "{36F71F86-5545-4734-A641-603F7CDE39C4}"
EndProject
Project("{FAE04EC0-301F-11D3-BF4B-00C04F79EFBC}") = "API", "API\API.csproj", "{499D7132-D0A8-4EC4-8EA2-C08BA399D163}"
EndProject
Global
	GlobalSection(SolutionConfigurationPlatforms) = preSolution
		Debug|Any CPU = Debug|Any CPU
		Debug|x64 = Debug|x64
		Debug|x86 = Debug|x86
		Release|Any CPU = Release|Any CPU
		Release|x64 = Release|x64
		Release|x86 = Release|x86
	EndGlobalSection
	GlobalSection(SolutionProperties) = preSolution
		HideSolutionNode = FALSE
	EndGlobalSection
	GlobalSection(ProjectConfigurationPlatforms) = postSolution
		{D86D568E-5158-48E1-9772-EDD61F195E31}.Debug|Any CPU.ActiveCfg = Debug|Any CPU
		{D86D568E-5158-48E1-9772-EDD61F195E31}.Debug|Any CPU.Build.0 = Debug|Any CPU
		{D86D568E-5158-48E1-9772-EDD61F195E31}.Debug|x64.ActiveCfg = Debug|Any CPU
		{D86D568E-5158-48E1-9772-EDD61F195E31}.Debug|x64.Build.0 = Debug|Any CPU
		{D86D568E-5158-48E1-9772-EDD61F195E31}.Debug|x86.ActiveCfg = Debug|Any CPU
		{D86D568E-5158-48E1-9772-EDD61F195E31}.Debug|x86.Build.0 = Debug|Any CPU
		{D86D568E-5158-48E1-9772-EDD61F195E31}.Release|Any CPU.ActiveCfg = Release|Any CPU
		{D86D568E-5158-48E1-9772-EDD61F195E31}.Release|Any CPU.Build.0 = Release|Any CPU
		{D86D568E-5158-48E1-9772-EDD61F195E31}.Release|x64.ActiveCfg = Release|Any CPU
		{D86D568E-5158-48E1-9772-EDD61F195E31}.Release|x64.Build.0 = Release|Any CPU
		{D86D568E-5158-48E1-9772-EDD61F195E31}.Release|x86.ActiveCfg = Release|Any CPU
		{D86D568E-5158-48E1-9772-EDD61F195E31}.Release|x86.Build.0 = Release|Any CPU
		{C1B4B999-CDCD-499C-BFBC-82792380C7A8}.Debug|Any CPU.ActiveCfg = Debug|Any CPU
		{C1B4B999-CDCD-499C-BFBC-82792380C7A8}.Debug|Any CPU.Build.0 = Debug|Any CPU
		{C1B4B999-CDCD-499C-BFBC-82792380C7A8}.Debug|x64.ActiveCfg = Debug|Any CPU
		{C1B4B999-CDCD-499C-BFBC-82792380C7A8}.Debug|x64.Build.0 = Debug|Any CPU
		{C1B4B999-CDCD-499C-BFBC-82792380C7A8}.Debug|x86.ActiveCfg = Debug|Any CPU
		{C1B4B999-CDCD-499C-BFBC-82792380C7A8}.Debug|x86.Build.0 = Debug|Any CPU
		{C1B4B999-CDCD-499C-BFBC-82792380C7A8}.Release|Any CPU.ActiveCfg = Release|Any CPU
		{C1B4B999-CDCD-499C-BFBC-82792380C7A8}.Release|Any CPU.Build.0 = Release|Any CPU
		{C1B4B999-CDCD-499C-BFBC-82792380C7A8}.Release|x64.ActiveCfg = Release|Any CPU
		{C1B4B999-CDCD-499C-BFBC-82792380C7A8}.Release|x64.Build.0 = Release|Any CPU
		{C1B4B999-CDCD-499C-BFBC-82792380C7A8}.Release|x86.ActiveCfg = Release|Any CPU
		{C1B4B999-CDCD-499C-BFBC-82792380C7A8}.Release|x86.Build.0 = Release|Any CPU
		{36F71F86-5545-4734-A641-603F7CDE39C4}.Debug|Any CPU.ActiveCfg = Debug|Any CPU
		{36F71F86-5545-4734-A641-603F7CDE39C4}.Debug|Any CPU.Build.0 = Debug|Any CPU
		{36F71F86-5545-4734-A641-603F7CDE39C4}.Debug|x64.ActiveCfg = Debug|Any CPU
		{36F71F86-5545-4734-A641-603F7CDE39C4}.Debug|x64.Build.0 = Debug|Any CPU
		{36F71F86-5545-4734-A641-603F7CDE39C4}.Debug|x86.ActiveCfg = Debug|Any CPU
		{36F71F86-5545-4734-A641-603F7CDE39C4}.Debug|x86.Build.0 = Debug|Any CPU
		{36F71F86-5545-4734-A641-603F7CDE39C4}.Release|Any CPU.ActiveCfg = Release|Any CPU
		{36F71F86-5545-4734-A641-603F7CDE39C4}.Release|Any CPU.Build.0 = Release|Any CPU
		{36F71F86-5545-4734-A641-603F7CDE39C4}.Release|x64.ActiveCfg = Release|Any CPU
		{36F71F86-5545-4734-A641-603F7CDE39C4}.Release|x64.Build.0 = Release|Any CPU
		{36F71F86-5545-4734-A641-603F7CDE39C4}.Release|x86.ActiveCfg = Release|Any CPU
		{36F71F86-5545-4734-A641-603F7CDE39C4}.Release|x86.Build.0 = Release|Any CPU
		{499D7132-D0A8-4EC4-8EA2-C08BA399D163}.Debug|Any CPU.ActiveCfg = Debug|Any CPU
		{499D7132-D0A8-4EC4-8EA2-C08BA399D163}.Debug|Any CPU.Build.0 = Debug|Any CPU
		{499D7132-D0A8-4EC4-8EA2-C08BA399D163}.Debug|x64.ActiveCfg = Debug|Any CPU
		{499D7132-D0A8-4EC4-8EA2-C08BA399D163}.Debug|x64.Build.0 = Debug|Any CPU
		{499D7132-D0A8-4EC4-8EA2-C08BA399D163}.Debug|x86.ActiveCfg = Debug|Any CPU
		{499D7132-D0A8-4EC4-8EA2-C08BA399D163}.Debug|x86.Build.0 = Debug|Any CPU
		{499D7132-D0A8-4EC4-8EA2-C08BA399D163}.Release|Any CPU.ActiveCfg = Release|Any CPU
		{499D7132-D0A8-4EC4-8EA2-C08BA399D163}.Release|Any CPU.Build.0 = Release|Any CPU
		{499D7132-D0A8-4EC4-8EA2-C08BA399D163}.Release|x64.ActiveCfg = Release|Any CPU
		{499D7132-D0A8-4EC4-8EA2-C08BA399D163}.Release|x64.Build.0 = Release|Any CPU
		{499D7132-D0A8-4EC4-8EA2-C08BA399D163}.Release|x86.ActiveCfg = Release|Any CPU
		{499D7132-D0A8-4EC4-8EA2-C08BA399D163}.Release|x86.Build.0 = Release|Any CPU
	EndGlobalSection
EndGlobal
